
Microsoft Visual Studio Solution File, Format Version 12.00
# Visual Studio Version 17
VisualStudioVersion = 17.2.32616.157
MinimumVisualStudioVersion = 10.0.40219.1
Project("{FAE04EC0-301F-11D3-BF4B-00C04F79EFBC}") = "Strategy", "Strategy\Strategy.csproj", "{7360E3A4-881C-4834-9652-4D8FF66528BA}"
EndProject
Global
	GlobalSection(SolutionConfigurationPlatforms) = preSolution
		Debug|Any CPU = Debug|Any CPU
		Release|Any CPU = Release|Any CPU
	EndGlobalSection
	GlobalSection(ProjectConfigurationPlatforms) = postSolution
		{7360E3A4-881C-4834-9652-4D8FF66528BA}.Debug|Any CPU.ActiveCfg = Debug|Any CPU
		{7360E3A4-881C-4834-9652-4D8FF66528BA}.Debug|Any CPU.Build.0 = Debug|Any CPU
		{7360E3A4-881C-4834-9652-4D8FF66528BA}.Release|Any CPU.ActiveCfg = Release|Any CPU
		{7360E3A4-881C-4834-9652-4D8FF66528BA}.Release|Any CPU.Build.0 = Release|Any CPU
	EndGlobalSection
	GlobalSection(SolutionProperties) = preSolution
		HideSolutionNode = FALSE
	EndGlobalSection
	GlobalSection(ExtensibilityGlobals) = postSolution
		SolutionGuid = {84F36B4E-F318-4319-AE8E-89D4D675C9A6}
	EndGlobalSection
EndGlobal
